// !$*UTF8*$!
{
	archiveVersion = 1;
	classes = {
	};
	objectVersion = 50;
	objects = {

/* Begin PBXBuildFile section */
		C481CAB623D68FA10048AE40 /* AppDelegate.swift in Sources */ = {isa = PBXBuildFile; fileRef = C481CAB523D68FA10048AE40 /* AppDelegate.swift */; };
		C481CAB823D68FA10048AE40 /* SceneDelegate.swift in Sources */ = {isa = PBXBuildFile; fileRef = C481CAB723D68FA10048AE40 /* SceneDelegate.swift */; };
		C481CABA23D68FA10048AE40 /* ContentView.swift in Sources */ = {isa = PBXBuildFile; fileRef = C481CAB923D68FA10048AE40 /* ContentView.swift */; };
		C481CABC23D68FAC0048AE40 /* Assets.xcassets in Resources */ = {isa = PBXBuildFile; fileRef = C481CABB23D68FAC0048AE40 /* Assets.xcassets */; };
		C481CABF23D68FAC0048AE40 /* Preview Assets.xcassets in Resources */ = {isa = PBXBuildFile; fileRef = C481CABE23D68FAC0048AE40 /* Preview Assets.xcassets */; };
		C481CAC223D68FAC0048AE40 /* LaunchScreen.storyboard in Resources */ = {isa = PBXBuildFile; fileRef = C481CAC023D68FAC0048AE40 /* LaunchScreen.storyboard */; };
		C481CACD23D68FAC0048AE40 /* LandmarksTests.swift in Sources */ = {isa = PBXBuildFile; fileRef = C481CACC23D68FAC0048AE40 /* LandmarksTests.swift */; };
		C481CAD823D68FAC0048AE40 /* LandmarksUITests.swift in Sources */ = {isa = PBXBuildFile; fileRef = C481CAD723D68FAC0048AE40 /* LandmarksUITests.swift */; };
		C481CAE623D6C96E0048AE40 /* CircleImage.swift in Sources */ = {isa = PBXBuildFile; fileRef = C481CAE523D6C96E0048AE40 /* CircleImage.swift */; };
/* End PBXBuildFile section */

/* Begin PBXContainerItemProxy section */
		C481CAC923D68FAC0048AE40 /* PBXContainerItemProxy */ = {
			isa = PBXContainerItemProxy;
			containerPortal = C481CAAA23D68FA10048AE40 /* Project object */;
			proxyType = 1;
			remoteGlobalIDString = C481CAB123D68FA10048AE40;
			remoteInfo = Landmarks;
		};
		C481CAD423D68FAC0048AE40 /* PBXContainerItemProxy */ = {
			isa = PBXContainerItemProxy;
			containerPortal = C481CAAA23D68FA10048AE40 /* Project object */;
			proxyType = 1;
			remoteGlobalIDString = C481CAB123D68FA10048AE40;
			remoteInfo = Landmarks;
		};
/* End PBXContainerItemProxy section */

/* Begin PBXFileReference section */
		C481CAB223D68FA10048AE40 /* Landmarks.app */ = {isa = PBXFileReference; explicitFileType = wrapper.application; includeInIndex = 0; path = Landmarks.app; sourceTree = BUILT_PRODUCTS_DIR; };
		C481CAB523D68FA10048AE40 /* AppDelegate.swift */ = {isa = PBXFileReference; lastKnownFileType = sourcecode.swift; path = AppDelegate.swift; sourceTree = "<group>"; };
		C481CAB723D68FA10048AE40 /* SceneDelegate.swift */ = {isa = PBXFileReference; lastKnownFileType = sourcecode.swift; path = SceneDelegate.swift; sourceTree = "<group>"; };
		C481CAB923D68FA10048AE40 /* ContentView.swift */ = {isa = PBXFileReference; lastKnownFileType = sourcecode.swift; path = ContentView.swift; sourceTree = "<group>"; };
		C481CABB23D68FAC0048AE40 /* Assets.xcassets */ = {isa = PBXFileReference; lastKnownFileType = folder.assetcatalog; path = Assets.xcassets; sourceTree = "<group>"; };
		C481CABE23D68FAC0048AE40 /* Preview Assets.xcassets */ = {isa = PBXFileReference; lastKnownFileType = folder.assetcatalog; path = "Preview Assets.xcassets"; sourceTree = "<group>"; };
		C481CAC123D68FAC0048AE40 /* Base */ = {isa = PBXFileReference; lastKnownFileType = file.storyboard; name = Base; path = Base.lproj/LaunchScreen.storyboard; sourceTree = "<group>"; };
		C481CAC323D68FAC0048AE40 /* Info.plist */ = {isa = PBXFileReference; lastKnownFileType = text.plist.xml; path = Info.plist; sourceTree = "<group>"; };
		C481CAC823D68FAC0048AE40 /* LandmarksTests.xctest */ = {isa = PBXFileReference; explicitFileType = wrapper.cfbundle; includeInIndex = 0; path = LandmarksTests.xctest; sourceTree = BUILT_PRODUCTS_DIR; };
		C481CACC23D68FAC0048AE40 /* LandmarksTests.swift */ = {isa = PBXFileReference; lastKnownFileType = sourcecode.swift; path = LandmarksTests.swift; sourceTree = "<group>"; };
		C481CACE23D68FAC0048AE40 /* Info.plist */ = {isa = PBXFileReference; lastKnownFileType = text.plist.xml; path = Info.plist; sourceTree = "<group>"; };
		C481CAD323D68FAC0048AE40 /* LandmarksUITests.xctest */ = {isa = PBXFileReference; explicitFileType = wrapper.cfbundle; includeInIndex = 0; path = LandmarksUITests.xctest; sourceTree = BUILT_PRODUCTS_DIR; };
		C481CAD723D68FAC0048AE40 /* LandmarksUITests.swift */ = {isa = PBXFileReference; lastKnownFileType = sourcecode.swift; path = LandmarksUITests.swift; sourceTree = "<group>"; };
		C481CAD923D68FAC0048AE40 /* Info.plist */ = {isa = PBXFileReference; lastKnownFileType = text.plist.xml; path = Info.plist; sourceTree = "<group>"; };
		C481CAE523D6C96E0048AE40 /* CircleImage.swift */ = {isa = PBXFileReference; lastKnownFileType = sourcecode.swift; path = CircleImage.swift; sourceTree = "<group>"; };
/* End PBXFileReference section */

/* Begin PBXFrameworksBuildPhase section */
		C481CAAF23D68FA10048AE40 /* Frameworks */ = {
			isa = PBXFrameworksBuildPhase;
			buildActionMask = 2147483647;
			files = (
			);
			runOnlyForDeploymentPostprocessing = 0;
		};
		C481CAC523D68FAC0048AE40 /* Frameworks */ = {
			isa = PBXFrameworksBuildPhase;
			buildActionMask = 2147483647;
			files = (
			);
			runOnlyForDeploymentPostprocessing = 0;
		};
		C481CAD023D68FAC0048AE40 /* Frameworks */ = {
			isa = PBXFrameworksBuildPhase;
			buildActionMask = 2147483647;
			files = (
			);
			runOnlyForDeploymentPostprocessing = 0;
		};
/* End PBXFrameworksBuildPhase section */

/* Begin PBXGroup section */
		C481CAA923D68FA10048AE40 = {
			isa = PBXGroup;
			children = (
				C481CAB423D68FA10048AE40 /* Landmarks */,
				C481CACB23D68FAC0048AE40 /* LandmarksTests */,
				C481CAD623D68FAC0048AE40 /* LandmarksUITests */,
				C481CAB323D68FA10048AE40 /* Products */,
			);
			sourceTree = "<group>";
		};
		C481CAB323D68FA10048AE40 /* Products */ = {
			isa = PBXGroup;
			children = (
				C481CAB223D68FA10048AE40 /* Landmarks.app */,
				C481CAC823D68FAC0048AE40 /* LandmarksTests.xctest */,
				C481CAD323D68FAC0048AE40 /* LandmarksUITests.xctest */,
			);
			name = Products;
			sourceTree = "<group>";
		};
		C481CAB423D68FA10048AE40 /* Landmarks */ = {
			isa = PBXGroup;
			children = (
				C481CAB523D68FA10048AE40 /* AppDelegate.swift */,
				C481CAB723D68FA10048AE40 /* SceneDelegate.swift */,
				C481CAB923D68FA10048AE40 /* ContentView.swift */,
				C481CAE523D6C96E0048AE40 /* CircleImage.swift */,
				C481CABB23D68FAC0048AE40 /* Assets.xcassets */,
				C481CAC023D68FAC0048AE40 /* LaunchScreen.storyboard */,
				C481CAC323D68FAC0048AE40 /* Info.plist */,
				C481CABD23D68FAC0048AE40 /* Preview Content */,
			);
			path = Landmarks;
			sourceTree = "<group>";
		};
		C481CABD23D68FAC0048AE40 /* Preview Content */ = {
			isa = PBXGroup;
			children = (
				C481CABE23D68FAC0048AE40 /* Preview Assets.xcassets */,
			);
			path = "Preview Content";
			sourceTree = "<group>";
		};
		C481CACB23D68FAC0048AE40 /* LandmarksTests */ = {
			isa = PBXGroup;
			children = (
				C481CACC23D68FAC0048AE40 /* LandmarksTests.swift */,
				C481CACE23D68FAC0048AE40 /* Info.plist */,
			);
			path = LandmarksTests;
			sourceTree = "<group>";
		};
		C481CAD623D68FAC0048AE40 /* LandmarksUITests */ = {
			isa = PBXGroup;
			children = (
				C481CAD723D68FAC0048AE40 /* LandmarksUITests.swift */,
				C481CAD923D68FAC0048AE40 /* Info.plist */,
			);
			path = LandmarksUITests;
			sourceTree = "<group>";
		};
/* End PBXGroup section */

/* Begin PBXNativeTarget section */
		C481CAB123D68FA10048AE40 /* Landmarks */ = {
			isa = PBXNativeTarget;
			buildConfigurationList = C481CADC23D68FAC0048AE40 /* Build configuration list for PBXNativeTarget "Landmarks" */;
			buildPhases = (
				C481CAAE23D68FA10048AE40 /* Sources */,
				C481CAAF23D68FA10048AE40 /* Frameworks */,
				C481CAB023D68FA10048AE40 /* Resources */,
			);
			buildRules = (
			);
			dependencies = (
			);
			name = Landmarks;
			productName = Landmarks;
			productReference = C481CAB223D68FA10048AE40 /* Landmarks.app */;
			productType = "com.apple.product-type.application";
		};
		C481CAC723D68FAC0048AE40 /* LandmarksTests */ = {
			isa = PBXNativeTarget;
			buildConfigurationList = C481CADF23D68FAC0048AE40 /* Build configuration list for PBXNativeTarget "LandmarksTests" */;
			buildPhases = (
				C481CAC423D68FAC0048AE40 /* Sources */,
				C481CAC523D68FAC0048AE40 /* Frameworks */,
				C481CAC623D68FAC0048AE40 /* Resources */,
			);
			buildRules = (
			);
			dependencies = (
				C481CACA23D68FAC0048AE40 /* PBXTargetDependency */,
			);
			name = LandmarksTests;
			productName = LandmarksTests;
			productReference = C481CAC823D68FAC0048AE40 /* LandmarksTests.xctest */;
			productType = "com.apple.product-type.bundle.unit-test";
		};
		C481CAD223D68FAC0048AE40 /* LandmarksUITests */ = {
			isa = PBXNativeTarget;
			buildConfigurationList = C481CAE223D68FAC0048AE40 /* Build configuration list for PBXNativeTarget "LandmarksUITests" */;
			buildPhases = (
				C481CACF23D68FAC0048AE40 /* Sources */,
				C481CAD023D68FAC0048AE40 /* Frameworks */,
				C481CAD123D68FAC0048AE40 /* Resources */,
			);
			buildRules = (
			);
			dependencies = (
				C481CAD523D68FAC0048AE40 /* PBXTargetDependency */,
			);
			name = LandmarksUITests;
			productName = LandmarksUITests;
			productReference = C481CAD323D68FAC0048AE40 /* LandmarksUITests.xctest */;
			productType = "com.apple.product-type.bundle.ui-testing";
		};
/* End PBXNativeTarget section */

/* Begin PBXProject section */
		C481CAAA23D68FA10048AE40 /* Project object */ = {
			isa = PBXProject;
			attributes = {
				LastSwiftUpdateCheck = 1130;
				LastUpgradeCheck = 1130;
				ORGANIZATIONNAME = toshihirooya.com;
				TargetAttributes = {
					C481CAB123D68FA10048AE40 = {
						CreatedOnToolsVersion = 11.3;
					};
					C481CAC723D68FAC0048AE40 = {
						CreatedOnToolsVersion = 11.3;
						TestTargetID = C481CAB123D68FA10048AE40;
					};
					C481CAD223D68FAC0048AE40 = {
						CreatedOnToolsVersion = 11.3;
						TestTargetID = C481CAB123D68FA10048AE40;
					};
				};
			};
			buildConfigurationList = C481CAAD23D68FA10048AE40 /* Build configuration list for PBXProject "Landmarks" */;
			compatibilityVersion = "Xcode 9.3";
			developmentRegion = en;
			hasScannedForEncodings = 0;
			knownRegions = (
				en,
				Base,
			);
			mainGroup = C481CAA923D68FA10048AE40;
			productRefGroup = C481CAB323D68FA10048AE40 /* Products */;
			projectDirPath = "";
			projectRoot = "";
			targets = (
				C481CAB123D68FA10048AE40 /* Landmarks */,
				C481CAC723D68FAC0048AE40 /* LandmarksTests */,
				C481CAD223D68FAC0048AE40 /* LandmarksUITests */,
			);
		};
/* End PBXProject section */

/* Begin PBXResourcesBuildPhase section */
		C481CAB023D68FA10048AE40 /* Resources */ = {
			isa = PBXResourcesBuildPhase;
			buildActionMask = 2147483647;
			files = (
				C481CAC223D68FAC0048AE40 /* LaunchScreen.storyboard in Resources */,
				C481CABF23D68FAC0048AE40 /* Preview Assets.xcassets in Resources */,
				C481CABC23D68FAC0048AE40 /* Assets.xcassets in Resources */,
			);
			runOnlyForDeploymentPostprocessing = 0;
		};
		C481CAC623D68FAC0048AE40 /* Resources */ = {
			isa = PBXResourcesBuildPhase;
			buildActionMask = 2147483647;
			files = (
			);
			runOnlyForDeploymentPostprocessing = 0;
		};
		C481CAD123D68FAC0048AE40 /* Resources */ = {
			isa = PBXResourcesBuildPhase;
			buildActionMask = 2147483647;
			files = (
			);
			runOnlyForDeploymentPostprocessing = 0;
		};
/* End PBXResourcesBuildPhase section */

/* Begin PBXSourcesBuildPhase section */
		C481CAAE23D68FA10048AE40 /* Sources */ = {
			isa = PBXSourcesBuildPhase;
			buildActionMask = 2147483647;
			files = (
				C481CAB623D68FA10048AE40 /* AppDelegate.swift in Sources */,
				C481CAE623D6C96E0048AE40 /* CircleImage.swift in Sources */,
				C481CAB823D68FA10048AE40 /* SceneDelegate.swift in Sources */,
				C481CABA23D68FA10048AE40 /* ContentView.swift in Sources */,
			);
			runOnlyForDeploymentPostprocessing = 0;
		};
		C481CAC423D68FAC0048AE40 /* Sources */ = {
			isa = PBXSourcesBuildPhase;
			buildActionMask = 2147483647;
			files = (
				C481CACD23D68FAC0048AE40 /* LandmarksTests.swift in Sources */,
			);
			runOnlyForDeploymentPostprocessing = 0;
		};
		C481CACF23D68FAC0048AE40 /* Sources */ = {
			isa = PBXSourcesBuildPhase;
			buildActionMask = 2147483647;
			files = (
				C481CAD823D68FAC0048AE40 /* LandmarksUITests.swift in Sources */,
			);
			runOnlyForDeploymentPostprocessing = 0;
		};
/* End PBXSourcesBuildPhase section */

/* Begin PBXTargetDependency section */
		C481CACA23D68FAC0048AE40 /* PBXTargetDependency */ = {
			isa = PBXTargetDependency;
			target = C481CAB123D68FA10048AE40 /* Landmarks */;
			targetProxy = C481CAC923D68FAC0048AE40 /* PBXContainerItemProxy */;
		};
		C481CAD523D68FAC0048AE40 /* PBXTargetDependency */ = {
			isa = PBXTargetDependency;
			target = C481CAB123D68FA10048AE40 /* Landmarks */;
			targetProxy = C481CAD423D68FAC0048AE40 /* PBXContainerItemProxy */;
		};
/* End PBXTargetDependency section */

/* Begin PBXVariantGroup section */
		C481CAC023D68FAC0048AE40 /* LaunchScreen.storyboard */ = {
			isa = PBXVariantGroup;
			children = (
				C481CAC123D68FAC0048AE40 /* Base */,
			);
			name = LaunchScreen.storyboard;
			sourceTree = "<group>";
		};
/* End PBXVariantGroup section */

/* Begin XCBuildConfiguration section */
		C481CADA23D68FAC0048AE40 /* Debug */ = {
			isa = XCBuildConfiguration;
			buildSettings = {
				ALWAYS_SEARCH_USER_PATHS = NO;
				CLANG_ANALYZER_NONNULL = YES;
				CLANG_ANALYZER_NUMBER_OBJECT_CONVERSION = YES_AGGRESSIVE;
				CLANG_CXX_LANGUAGE_STANDARD = "gnu++14";
				CLANG_CXX_LIBRARY = "libc++";
				CLANG_ENABLE_MODULES = YES;
				CLANG_ENABLE_OBJC_ARC = YES;
				CLANG_ENABLE_OBJC_WEAK = YES;
				CLANG_WARN_BLOCK_CAPTURE_AUTORELEASING = YES;
				CLANG_WARN_BOOL_CONVERSION = YES;
				CLANG_WARN_COMMA = YES;
				CLANG_WARN_CONSTANT_CONVERSION = YES;
				CLANG_WARN_DEPRECATED_OBJC_IMPLEMENTATIONS = YES;
				CLANG_WARN_DIRECT_OBJC_ISA_USAGE = YES_ERROR;
				CLANG_WARN_DOCUMENTATION_COMMENTS = YES;
				CLANG_WARN_EMPTY_BODY = YES;
				CLANG_WARN_ENUM_CONVERSION = YES;
				CLANG_WARN_INFINITE_RECURSION = YES;
				CLANG_WARN_INT_CONVERSION = YES;
				CLANG_WARN_NON_LITERAL_NULL_CONVERSION = YES;
				CLANG_WARN_OBJC_IMPLICIT_RETAIN_SELF = YES;
				CLANG_WARN_OBJC_LITERAL_CONVERSION = YES;
				CLANG_WARN_OBJC_ROOT_CLASS = YES_ERROR;
				CLANG_WARN_RANGE_LOOP_ANALYSIS = YES;
				CLANG_WARN_STRICT_PROTOTYPES = YES;
				CLANG_WARN_SUSPICIOUS_MOVE = YES;
				CLANG_WARN_UNGUARDED_AVAILABILITY = YES_AGGRESSIVE;
				CLANG_WARN_UNREACHABLE_CODE = YES;
				CLANG_WARN__DUPLICATE_METHOD_MATCH = YES;
				COPY_PHASE_STRIP = NO;
				DEBUG_INFORMATION_FORMAT = dwarf;
				ENABLE_STRICT_OBJC_MSGSEND = YES;
				ENABLE_TESTABILITY = YES;
				GCC_C_LANGUAGE_STANDARD = gnu11;
				GCC_DYNAMIC_NO_PIC = NO;
				GCC_NO_COMMON_BLOCKS = YES;
				GCC_OPTIMIZATION_LEVEL = 0;
				GCC_PREPROCESSOR_DEFINITIONS = (
					"DEBUG=1",
					"$(inherited)",
				);
				GCC_WARN_64_TO_32_BIT_CONVERSION = YES;
				GCC_WARN_ABOUT_RETURN_TYPE = YES_ERROR;
				GCC_WARN_UNDECLARED_SELECTOR = YES;
				GCC_WARN_UNINITIALIZED_AUTOS = YES_AGGRESSIVE;
				GCC_WARN_UNUSED_FUNCTION = YES;
				GCC_WARN_UNUSED_VARIABLE = YES;
				IPHONEOS_DEPLOYMENT_TARGET = 13.2;
				MTL_ENABLE_DEBUG_INFO = INCLUDE_SOURCE;
				MTL_FAST_MATH = YES;
				ONLY_ACTIVE_ARCH = YES;
				SDKROOT = iphoneos;
				SWIFT_ACTIVE_COMPILATION_CONDITIONS = DEBUG;
				SWIFT_OPTIMIZATION_LEVEL = "-Onone";
			};
			name = Debug;
		};
		C481CADB23D68FAC0048AE40 /* Release */ = {
			isa = XCBuildConfiguration;
			buildSettings = {
				ALWAYS_SEARCH_USER_PATHS = NO;
				CLANG_ANALYZER_NONNULL = YES;
				CLANG_ANALYZER_NUMBER_OBJECT_CONVERSION = YES_AGGRESSIVE;
				CLANG_CXX_LANGUAGE_STANDARD = "gnu++14";
				CLANG_CXX_LIBRARY = "libc++";
				CLANG_ENABLE_MODULES = YES;
				CLANG_ENABLE_OBJC_ARC = YES;
				CLANG_ENABLE_OBJC_WEAK = YES;
				CLANG_WARN_BLOCK_CAPTURE_AUTORELEASING = YES;
				CLANG_WARN_BOOL_CONVERSION = YES;
				CLANG_WARN_COMMA = YES;
				CLANG_WARN_CONSTANT_CONVERSION = YES;
				CLANG_WARN_DEPRECATED_OBJC_IMPLEMENTATIONS = YES;
				CLANG_WARN_DIRECT_OBJC_ISA_USAGE = YES_ERROR;
				CLANG_WARN_DOCUMENTATION_COMMENTS = YES;
				CLANG_WARN_EMPTY_BODY = YES;
				CLANG_WARN_ENUM_CONVERSION = YES;
				CLANG_WARN_INFINITE_RECURSION = YES;
				CLANG_WARN_INT_CONVERSION = YES;
				CLANG_WARN_NON_LITERAL_NULL_CONVERSION = YES;
				CLANG_WARN_OBJC_IMPLICIT_RETAIN_SELF = YES;
				CLANG_WARN_OBJC_LITERAL_CONVERSION = YES;
				CLANG_WARN_OBJC_ROOT_CLASS = YES_ERROR;
				CLANG_WARN_RANGE_LOOP_ANALYSIS = YES;
				CLANG_WARN_STRICT_PROTOTYPES = YES;
				CLANG_WARN_SUSPICIOUS_MOVE = YES;
				CLANG_WARN_UNGUARDED_AVAILABILITY = YES_AGGRESSIVE;
				CLANG_WARN_UNREACHABLE_CODE = YES;
				CLANG_WARN__DUPLICATE_METHOD_MATCH = YES;
				COPY_PHASE_STRIP = NO;
				DEBUG_INFORMATION_FORMAT = "dwarf-with-dsym";
				ENABLE_NS_ASSERTIONS = NO;
				ENABLE_STRICT_OBJC_MSGSEND = YES;
				GCC_C_LANGUAGE_STANDARD = gnu11;
				GCC_NO_COMMON_BLOCKS = YES;
				GCC_WARN_64_TO_32_BIT_CONVERSION = YES;
				GCC_WARN_ABOUT_RETURN_TYPE = YES_ERROR;
				GCC_WARN_UNDECLARED_SELECTOR = YES;
				GCC_WARN_UNINITIALIZED_AUTOS = YES_AGGRESSIVE;
				GCC_WARN_UNUSED_FUNCTION = YES;
				GCC_WARN_UNUSED_VARIABLE = YES;
				IPHONEOS_DEPLOYMENT_TARGET = 13.2;
				MTL_ENABLE_DEBUG_INFO = NO;
				MTL_FAST_MATH = YES;
				SDKROOT = iphoneos;
				SWIFT_COMPILATION_MODE = wholemodule;
				SWIFT_OPTIMIZATION_LEVEL = "-O";
				VALIDATE_PRODUCT = YES;
			};
			name = Release;
		};
		C481CADD23D68FAC0048AE40 /* Debug */ = {
			isa = XCBuildConfiguration;
			buildSettings = {
				ASSETCATALOG_COMPILER_APPICON_NAME = AppIcon;
				CODE_SIGN_STYLE = Automatic;
				DEVELOPMENT_ASSET_PATHS = "\"Landmarks/Preview Content\"";
				DEVELOPMENT_TEAM = PU7N6T2J8N;
				ENABLE_PREVIEWS = YES;
				INFOPLIST_FILE = Landmarks/Info.plist;
				LD_RUNPATH_SEARCH_PATHS = (
					"$(inherited)",
					"@executable_path/Frameworks",
				);
				PRODUCT_BUNDLE_IDENTIFIER = com.toshihirooya.Landmarks;
				PRODUCT_NAME = "$(TARGET_NAME)";
				SWIFT_VERSION = 5.0;
				TARGETED_DEVICE_FAMILY = "1,2";
			};
			name = Debug;
		};
		C481CADE23D68FAC0048AE40 /* Release */ = {
			isa = XCBuildConfiguration;
			buildSettings = {
				ASSETCATALOG_COMPILER_APPICON_NAME = AppIcon;
				CODE_SIGN_STYLE = Automatic;
				DEVELOPMENT_ASSET_PATHS = "\"Landmarks/Preview Content\"";
				DEVELOPMENT_TEAM = PU7N6T2J8N;
				ENABLE_PREVIEWS = YES;
				INFOPLIST_FILE = Landmarks/Info.plist;
				LD_RUNPATH_SEARCH_PATHS = (
					"$(inherited)",
					"@executable_path/Frameworks",
				);
				PRODUCT_BUNDLE_IDENTIFIER = com.toshihirooya.Landmarks;
				PRODUCT_NAME = "$(TARGET_NAME)";
				SWIFT_VERSION = 5.0;
				TARGETED_DEVICE_FAMILY = "1,2";
			};
			name = Release;
		};
		C481CAE023D68FAC0048AE40 /* Debug */ = {
			isa = XCBuildConfiguration;
			buildSettings = {
				ALWAYS_EMBED_SWIFT_STANDARD_LIBRARIES = YES;
				BUNDLE_LOADER = "$(TEST_HOST)";
				CODE_SIGN_STYLE = Automatic;
				DEVELOPMENT_TEAM = PU7N6T2J8N;
				INFOPLIST_FILE = LandmarksTests/Info.plist;
				IPHONEOS_DEPLOYMENT_TARGET = 13.2;
				LD_RUNPATH_SEARCH_PATHS = (
					"$(inherited)",
					"@executable_path/Frameworks",
					"@loader_path/Frameworks",
				);
				PRODUCT_BUNDLE_IDENTIFIER = com.toshihirooya.LandmarksTests;
				PRODUCT_NAME = "$(TARGET_NAME)";
				SWIFT_VERSION = 5.0;
				TARGETED_DEVICE_FAMILY = "1,2";
				TEST_HOST = "$(BUILT_PRODUCTS_DIR)/Landmarks.app/Landmarks";
			};
			name = Debug;
		};
		C481CAE123D68FAC0048AE40 /* Release */ = {
			isa = XCBuildConfiguration;
			buildSettings = {
				ALWAYS_EMBED_SWIFT_STANDARD_LIBRARIES = YES;
				BUNDLE_LOADER = "$(TEST_HOST)";
				CODE_SIGN_STYLE = Automatic;
				DEVELOPMENT_TEAM = PU7N6T2J8N;
				INFOPLIST_FILE = LandmarksTests/Info.plist;
				IPHONEOS_DEPLOYMENT_TARGET = 13.2;
				LD_RUNPATH_SEARCH_PATHS = (
					"$(inherited)",
					"@executable_path/Frameworks",
					"@loader_path/Frameworks",
				);
				PRODUCT_BUNDLE_IDENTIFIER = com.toshihirooya.LandmarksTests;
				PRODUCT_NAME = "$(TARGET_NAME)";
				SWIFT_VERSION = 5.0;
				TARGETED_DEVICE_FAMILY = "1,2";
				TEST_HOST = "$(BUILT_PRODUCTS_DIR)/Landmarks.app/Landmarks";
			};
			name = Release;
		};
		C481CAE323D68FAC0048AE40 /* Debug */ = {
			isa = XCBuildConfiguration;
			buildSettings = {
				ALWAYS_EMBED_SWIFT_STANDARD_LIBRARIES = YES;
				CODE_SIGN_STYLE = Automatic;
				DEVELOPMENT_TEAM = PU7N6T2J8N;
				INFOPLIST_FILE = LandmarksUITests/Info.plist;
				LD_RUNPATH_SEARCH_PATHS = (
					"$(inherited)",
					"@executable_path/Frameworks",
					"@loader_path/Frameworks",
				);
				PRODUCT_BUNDLE_IDENTIFIER = com.toshihirooya.LandmarksUITests;
				PRODUCT_NAME = "$(TARGET_NAME)";
				SWIFT_VERSION = 5.0;
				TARGETED_DEVICE_FAMILY = "1,2";
				TEST_TARGET_NAME = Landmarks;
			};
			name = Debug;
		};
		C481CAE423D68FAC0048AE40 /* Release */ = {
			isa = XCBuildConfiguration;
			buildSettings = {
				ALWAYS_EMBED_SWIFT_STANDARD_LIBRARIES = YES;
				CODE_SIGN_STYLE = Automatic;
				DEVELOPMENT_TEAM = PU7N6T2J8N;
				INFOPLIST_FILE = LandmarksUITests/Info.plist;
				LD_RUNPATH_SEARCH_PATHS = (
					"$(inherited)",
					"@executable_path/Frameworks",
					"@loader_path/Frameworks",
				);
				PRODUCT_BUNDLE_IDENTIFIER = com.toshihirooya.LandmarksUITests;
				PRODUCT_NAME = "$(TARGET_NAME)";
				SWIFT_VERSION = 5.0;
				TARGETED_DEVICE_FAMILY = "1,2";
				TEST_TARGET_NAME = Landmarks;
			};
			name = Release;
		};
/* End XCBuildConfiguration section */

/* Begin XCConfigurationList section */
		C481CAAD23D68FA10048AE40 /* Build configuration list for PBXProject "Landmarks" */ = {
			isa = XCConfigurationList;
			buildConfigurations = (
				C481CADA23D68FAC0048AE40 /* Debug */,
				C481CADB23D68FAC0048AE40 /* Release */,
			);
			defaultConfigurationIsVisible = 0;
			defaultConfigurationName = Release;
		};
		C481CADC23D68FAC0048AE40 /* Build configuration list for PBXNativeTarget "Landmarks" */ = {
			isa = XCConfigurationList;
			buildConfigurations = (
				C481CADD23D68FAC0048AE40 /* Debug */,
				C481CADE23D68FAC0048AE40 /* Release */,
			);
			defaultConfigurationIsVisible = 0;
			defaultConfigurationName = Release;
		};
		C481CADF23D68FAC0048AE40 /* Build configuration list for PBXNativeTarget "LandmarksTests" */ = {
			isa = XCConfigurationList;
			buildConfigurations = (
				C481CAE023D68FAC0048AE40 /* Debug */,
				C481CAE123D68FAC0048AE40 /* Release */,
			);
			defaultConfigurationIsVisible = 0;
			defaultConfigurationName = Release;
		};
		C481CAE223D68FAC0048AE40 /* Build configuration list for PBXNativeTarget "LandmarksUITests" */ = {
			isa = XCConfigurationList;
			buildConfigurations = (
				C481CAE323D68FAC0048AE40 /* Debug */,
				C481CAE423D68FAC0048AE40 /* Release */,
			);
			defaultConfigurationIsVisible = 0;
			defaultConfigurationName = Release;
		};
/* End XCConfigurationList section */
	};
	rootObject = C481CAAA23D68FA10048AE40 /* Project object */;
}
